
Microsoft Visual Studio Solution File, Format Version 12.00
# Visual Studio Version 18
VisualStudioVersion = 18.5.11709.299
MinimumVisualStudioVersion = 10.0.40219.1
Project("{FAE04EC0-301F-11D3-BF4B-00C04F79EFBC}") = "POS", "POS\POS.csproj", "{0C76F233-82C4-4CEC-A930-A51A01AFB75F}"
EndProject
Project("{FAE04EC0-301F-11D3-BF4B-00C04F79EFBC}") = "POS.DLL", "POS.DLL\POS.DLL.csproj", "{4A1D9A7F-96E2-4FEA-9A25-8B200BB28BCE}"
EndProject
Project("{FAE04EC0-301F-11D3-BF4B-00C04F79EFBC}") = "POS.Tests", "POS.Tests\POS.Tests.csproj", "{CF51C940-3C17-4E13-A7CC-80DFD0570697}"
EndProject
Project("{2150E333-8FDC-42A3-9474-1A3956D46DE8}") = "omnipos_desktop", "omnipos_desktop", "{992C4E69-2594-4728-B8CE-50E45F3BE7E5}"
EndProject
Project("{2150E333-8FDC-42A3-9474-1A3956D46DE8}") = "omnipos_api", "omnipos_api", "{2AC75C2F-9FC2-42EB-850E-BADDBF5EF5EB}"
EndProject
Project("{FAE04EC0-301F-11D3-BF4B-00C04F79EFBC}") = "POS.Api", "POS.Api\POS.Api.csproj", "{2D53D92A-76B1-4A6D-B77E-8EB7A5CA1ED5}"
EndProject
Project("{FAE04EC0-301F-11D3-BF4B-00C04F79EFBC}") = "POS.Infrastructure", "POS.Infrastructure\POS.Infrastructure.csproj", "{EBF6C74F-8E1F-4887-9EDE-4E4DF1BAC904}"
EndProject
Project("{FAE04EC0-301F-11D3-BF4B-00C04F79EFBC}") = "POS.Domain", "POS.Domain\POS.Domain.csproj", "{19A1A208-F0F6-4022-84E1-2899859A3BD1}"
EndProject
Project("{FAE04EC0-301F-11D3-BF4B-00C04F79EFBC}") = "POS.Application", "Domain.Application\POS.Application.csproj", "{A71F3913-A0A7-4C59-8A7B-C9F8C384E0B1}"
EndProject
Global
	GlobalSection(SolutionConfigurationPlatforms) = preSolution
		Debug Remote|Any CPU = Debug Remote|Any CPU
		Debug|Any CPU = Debug|Any CPU
		Release|Any CPU = Release|Any CPU
	EndGlobalSection
	GlobalSection(ProjectConfigurationPlatforms) = postSolution
		{0C76F233-82C4-4CEC-A930-A51A01AFB75F}.Debug Remote|Any CPU.ActiveCfg = Debug Remote|Any CPU
		{0C76F233-82C4-4CEC-A930-A51A01AFB75F}.Debug Remote|Any CPU.Build.0 = Debug Remote|Any CPU
		{0C76F233-82C4-4CEC-A930-A51A01AFB75F}.Debug|Any CPU.ActiveCfg = Debug|Any CPU
		{0C76F233-82C4-4CEC-A930-A51A01AFB75F}.Debug|Any CPU.Build.0 = Debug|Any CPU
		{0C76F233-82C4-4CEC-A930-A51A01AFB75F}.Release|Any CPU.ActiveCfg = Release|Any CPU
		{0C76F233-82C4-4CEC-A930-A51A01AFB75F}.Release|Any CPU.Build.0 = Release|Any CPU
		{4A1D9A7F-96E2-4FEA-9A25-8B200BB28BCE}.Debug Remote|Any CPU.ActiveCfg = Debug Remote|Any CPU
		{4A1D9A7F-96E2-4FEA-9A25-8B200BB28BCE}.Debug Remote|Any CPU.Build.0 = Debug Remote|Any CPU
		{4A1D9A7F-96E2-4FEA-9A25-8B200BB28BCE}.Debug|Any CPU.ActiveCfg = Debug|Any CPU
		{4A1D9A7F-96E2-4FEA-9A25-8B200BB28BCE}.Debug|Any CPU.Build.0 = Debug|Any CPU
		{4A1D9A7F-96E2-4FEA-9A25-8B200BB28BCE}.Release|Any CPU.ActiveCfg = Release|Any CPU
		{4A1D9A7F-96E2-4FEA-9A25-8B200BB28BCE}.Release|Any CPU.Build.0 = Release|Any CPU
		{CF51C940-3C17-4E13-A7CC-80DFD0570697}.Debug Remote|Any CPU.ActiveCfg = Debug|Any CPU
		{CF51C940-3C17-4E13-A7CC-80DFD0570697}.Debug Remote|Any CPU.Build.0 = Debug|Any CPU
		{CF51C940-3C17-4E13-A7CC-80DFD0570697}.Debug|Any CPU.ActiveCfg = Debug|Any CPU
		{CF51C940-3C17-4E13-A7CC-80DFD0570697}.Debug|Any CPU.Build.0 = Debug|Any CPU
		{CF51C940-3C17-4E13-A7CC-80DFD0570697}.Release|Any CPU.ActiveCfg = Release|Any CPU
		{CF51C940-3C17-4E13-A7CC-80DFD0570697}.Release|Any CPU.Build.0 = Release|Any CPU
		{2D53D92A-76B1-4A6D-B77E-8EB7A5CA1ED5}.Debug Remote|Any CPU.ActiveCfg = Debug|Any CPU
		{2D53D92A-76B1-4A6D-B77E-8EB7A5CA1ED5}.Debug Remote|Any CPU.Build.0 = Debug|Any CPU
		{2D53D92A-76B1-4A6D-B77E-8EB7A5CA1ED5}.Debug|Any CPU.ActiveCfg = Debug|Any CPU
		{2D53D92A-76B1-4A6D-B77E-8EB7A5CA1ED5}.Debug|Any CPU.Build.0 = Debug|Any CPU
		{2D53D92A-76B1-4A6D-B77E-8EB7A5CA1ED5}.Release|Any CPU.ActiveCfg = Release|Any CPU
		{2D53D92A-76B1-4A6D-B77E-8EB7A5CA1ED5}.Release|Any CPU.Build.0 = Release|Any CPU
		{EBF6C74F-8E1F-4887-9EDE-4E4DF1BAC904}.Debug Remote|Any CPU.ActiveCfg = Debug|Any CPU
		{EBF6C74F-8E1F-4887-9EDE-4E4DF1BAC904}.Debug Remote|Any CPU.Build.0 = Debug|Any CPU
		{EBF6C74F-8E1F-4887-9EDE-4E4DF1BAC904}.Debug|Any CPU.ActiveCfg = Debug|Any CPU
		{EBF6C74F-8E1F-4887-9EDE-4E4DF1BAC904}.Debug|Any CPU.Build.0 = Debug|Any CPU
		{EBF6C74F-8E1F-4887-9EDE-4E4DF1BAC904}.Release|Any CPU.ActiveCfg = Release|Any CPU
		{EBF6C74F-8E1F-4887-9EDE-4E4DF1BAC904}.Release|Any CPU.Build.0 = Release|Any CPU
		{19A1A208-F0F6-4022-84E1-2899859A3BD1}.Debug Remote|Any CPU.ActiveCfg = Debug|Any CPU
		{19A1A208-F0F6-4022-84E1-2899859A3BD1}.Debug Remote|Any CPU.Build.0 = Debug|Any CPU
		{19A1A208-F0F6-4022-84E1-2899859A3BD1}.Debug|Any CPU.ActiveCfg = Debug|Any CPU
		{19A1A208-F0F6-4022-84E1-2899859A3BD1}.Debug|Any CPU.Build.0 = Debug|Any CPU
		{19A1A208-F0F6-4022-84E1-2899859A3BD1}.Release|Any CPU.ActiveCfg = Release|Any CPU
		{19A1A208-F0F6-4022-84E1-2899859A3BD1}.Release|Any CPU.Build.0 = Release|Any CPU
		{A71F3913-A0A7-4C59-8A7B-C9F8C384E0B1}.Debug Remote|Any CPU.ActiveCfg = Debug|Any CPU
		{A71F3913-A0A7-4C59-8A7B-C9F8C384E0B1}.Debug Remote|Any CPU.Build.0 = Debug|Any CPU
		{A71F3913-A0A7-4C59-8A7B-C9F8C384E0B1}.Debug|Any CPU.ActiveCfg = Debug|Any CPU
		{A71F3913-A0A7-4C59-8A7B-C9F8C384E0B1}.Debug|Any CPU.Build.0 = Debug|Any CPU
		{A71F3913-A0A7-4C59-8A7B-C9F8C384E0B1}.Release|Any CPU.ActiveCfg = Release|Any CPU
		{A71F3913-A0A7-4C59-8A7B-C9F8C384E0B1}.Release|Any CPU.Build.0 = Release|Any CPU
	EndGlobalSection
	GlobalSection(SolutionProperties) = preSolution
		HideSolutionNode = FALSE
	EndGlobalSection
	GlobalSection(NestedProjects) = preSolution
		{0C76F233-82C4-4CEC-A930-A51A01AFB75F} = {992C4E69-2594-4728-B8CE-50E45F3BE7E5}
		{4A1D9A7F-96E2-4FEA-9A25-8B200BB28BCE} = {992C4E69-2594-4728-B8CE-50E45F3BE7E5}
		{CF51C940-3C17-4E13-A7CC-80DFD0570697} = {992C4E69-2594-4728-B8CE-50E45F3BE7E5}
		{2D53D92A-76B1-4A6D-B77E-8EB7A5CA1ED5} = {2AC75C2F-9FC2-42EB-850E-BADDBF5EF5EB}
		{EBF6C74F-8E1F-4887-9EDE-4E4DF1BAC904} = {2AC75C2F-9FC2-42EB-850E-BADDBF5EF5EB}
		{19A1A208-F0F6-4022-84E1-2899859A3BD1} = {2AC75C2F-9FC2-42EB-850E-BADDBF5EF5EB}
		{A71F3913-A0A7-4C59-8A7B-C9F8C384E0B1} = {2AC75C2F-9FC2-42EB-850E-BADDBF5EF5EB}
	EndGlobalSection
	GlobalSection(ExtensibilityGlobals) = postSolution
		SolutionGuid = {7B381970-A76A-4218-904B-8D05551064AB}
	EndGlobalSection
EndGlobal
